
Microsoft Visual Studio Solution File, Format Version 12.00
# Visual Studio Version 17
VisualStudioVersion = 17.9.34607.119
MinimumVisualStudioVersion = 10.0.40219.1
Project("{F2A71F9B-5D33-465A-A702-920D77279786}") = "Blackjack", "Blackjack.fsproj", "{DE46618D-C79A-4CE6-A39B-75C93B2FF07A}"
EndProject
Global
	GlobalSection(SolutionConfigurationPlatforms) = preSolution
		Debug|Any CPU = Debug|Any CPU
		Release|Any CPU = Release|Any CPU
	EndGlobalSection
	GlobalSection(ProjectConfigurationPlatforms) = postSolution
		{DE46618D-C79A-4CE6-A39B-75C93B2FF07A}.Debug|Any CPU.ActiveCfg = Debug|Any CPU
		{DE46618D-C79A-4CE6-A39B-75C93B2FF07A}.Debug|Any CPU.Build.0 = Debug|Any CPU
		{DE46618D-C79A-4CE6-A39B-75C93B2FF07A}.Release|Any CPU.ActiveCfg = Release|Any CPU
		{DE46618D-C79A-4CE6-A39B-75C93B2FF07A}.Release|Any CPU.Build.0 = Release|Any CPU
	EndGlobalSection
	GlobalSection(SolutionProperties) = preSolution
		HideSolutionNode = FALSE
	EndGlobalSection
	GlobalSection(ExtensibilityGlobals) = postSolution
		SolutionGuid = {2BA9142D-DBE2-473F-A188-E7E7EEC0C17C}
	EndGlobalSection
EndGlobal
